// !$*UTF8*$!
{
	archiveVersion = 1;
	classes = {
	};
	objectVersion = 46;
	objects = {

/* Begin PBXBuildFile section */
		271525691CEEC6FD00895A5C /* MainViewController.swift in Sources */ = {isa = PBXBuildFile; fileRef = 271525681CEEC6FD00895A5C /* MainViewController.swift */; };
		2715256B1CEECEDA00895A5C /* SignupViewController.swift in Sources */ = {isa = PBXBuildFile; fileRef = 2715256A1CEECEDA00895A5C /* SignupViewController.swift */; };
		274191EA1D0A6CB20026AAE0 /* UserTimeLineViewController.swift in Sources */ = {isa = PBXBuildFile; fileRef = 274191E91D0A6CB20026AAE0 /* UserTimeLineViewController.swift */; };
		274191EC1D0A6D220026AAE0 /* FriendPostCell.swift in Sources */ = {isa = PBXBuildFile; fileRef = 274191EB1D0A6D220026AAE0 /* FriendPostCell.swift */; };
		274191EE1D0A70AB0026AAE0 /* SaveClickInfo.swift in Sources */ = {isa = PBXBuildFile; fileRef = 274191ED1D0A70AB0026AAE0 /* SaveClickInfo.swift */; };
		276EF2E61D0120FE007FAC13 /* FriendCell.swift in Sources */ = {isa = PBXBuildFile; fileRef = 276EF2E51D0120FE007FAC13 /* FriendCell.swift */; };
		277619521CEDC3B90048D46C /* userdata.txt in Resources */ = {isa = PBXBuildFile; fileRef = 277619511CEDC3B90048D46C /* userdata.txt */; };
		2782EF411CF6E49F003B1289 /* FileManager.swift in Sources */ = {isa = PBXBuildFile; fileRef = 2782EF401CF6E49F003B1289 /* FileManager.swift */; };
		2782EF451CF6F608003B1289 /* PostCell.swift in Sources */ = {isa = PBXBuildFile; fileRef = 2782EF441CF6F608003B1289 /* PostCell.swift */; };
		27BE153A1D013ACF00B70D94 /* FriendListViewController.swift in Sources */ = {isa = PBXBuildFile; fileRef = 27BE15391D013ACF00B70D94 /* FriendListViewController.swift */; };
		27CF0E521CED9B8300CFF5C1 /* AppDelegate.swift in Sources */ = {isa = PBXBuildFile; fileRef = 27CF0E511CED9B8300CFF5C1 /* AppDelegate.swift */; };
		27CF0E541CED9B8300CFF5C1 /* ViewController.swift in Sources */ = {isa = PBXBuildFile; fileRef = 27CF0E531CED9B8300CFF5C1 /* ViewController.swift */; };
		27CF0E571CED9B8300CFF5C1 /* Main.storyboard in Resources */ = {isa = PBXBuildFile; fileRef = 27CF0E551CED9B8300CFF5C1 /* Main.storyboard */; };
		27CF0E5C1CED9B8300CFF5C1 /* LaunchScreen.storyboard in Resources */ = {isa = PBXBuildFile; fileRef = 27CF0E5A1CED9B8300CFF5C1 /* LaunchScreen.storyboard */; };
		27CF0E671CED9B8300CFF5C1 /* AirplaneTests.swift in Sources */ = {isa = PBXBuildFile; fileRef = 27CF0E661CED9B8300CFF5C1 /* AirplaneTests.swift */; };
		27CF0E721CED9B8400CFF5C1 /* AirplaneUITests.swift in Sources */ = {isa = PBXBuildFile; fileRef = 27CF0E711CED9B8400CFF5C1 /* AirplaneUITests.swift */; };
		27D9062A1CF6751800400035 /* User.swift in Sources */ = {isa = PBXBuildFile; fileRef = 27D906291CF6751800400035 /* User.swift */; };
		27D9062C1CF6B98E00400035 /* UserManager.swift in Sources */ = {isa = PBXBuildFile; fileRef = 27D9062B1CF6B98E00400035 /* UserManager.swift */; };
		27D9062E1CF6C53400400035 /* postdata.txt in Resources */ = {isa = PBXBuildFile; fileRef = 27D9062D1CF6C53400400035 /* postdata.txt */; };
		27D906301CF6C55800400035 /* Post.swift in Sources */ = {isa = PBXBuildFile; fileRef = 27D9062F1CF6C55800400035 /* Post.swift */; };
		27E0D1411CFC3AFF00F82A5E /* SettingViewController.swift in Sources */ = {isa = PBXBuildFile; fileRef = 27E0D1401CFC3AFF00F82A5E /* SettingViewController.swift */; };
/* End PBXBuildFile section */

/* Begin PBXContainerItemProxy section */
		27CF0E631CED9B8300CFF5C1 /* PBXContainerItemProxy */ = {
			isa = PBXContainerItemProxy;
			containerPortal = 27CF0E461CED9B8300CFF5C1 /* Project object */;
			proxyType = 1;
			remoteGlobalIDString = 27CF0E4D1CED9B8300CFF5C1;
			remoteInfo = Airplane;
		};
		27CF0E6E1CED9B8400CFF5C1 /* PBXContainerItemProxy */ = {
			isa = PBXContainerItemProxy;
			containerPortal = 27CF0E461CED9B8300CFF5C1 /* Project object */;
			proxyType = 1;
			remoteGlobalIDString = 27CF0E4D1CED9B8300CFF5C1;
			remoteInfo = Airplane;
		};
/* End PBXContainerItemProxy section */

/* Begin PBXFileReference section */
		271525681CEEC6FD00895A5C /* MainViewController.swift */ = {isa = PBXFileReference; fileEncoding = 4; lastKnownFileType = sourcecode.swift; path = MainViewController.swift; sourceTree = "<group>"; };
		2715256A1CEECEDA00895A5C /* SignupViewController.swift */ = {isa = PBXFileReference; fileEncoding = 4; lastKnownFileType = sourcecode.swift; path = SignupViewController.swift; sourceTree = "<group>"; };
		274191E91D0A6CB20026AAE0 /* UserTimeLineViewController.swift */ = {isa = PBXFileReference; fileEncoding = 4; lastKnownFileType = sourcecode.swift; path = UserTimeLineViewController.swift; sourceTree = "<group>"; };
		274191EB1D0A6D220026AAE0 /* FriendPostCell.swift */ = {isa = PBXFileReference; fileEncoding = 4; lastKnownFileType = sourcecode.swift; path = FriendPostCell.swift; sourceTree = "<group>"; };
		274191ED1D0A70AB0026AAE0 /* SaveClickInfo.swift */ = {isa = PBXFileReference; fileEncoding = 4; lastKnownFileType = sourcecode.swift; path = SaveClickInfo.swift; sourceTree = "<group>"; };
		276EF2E51D0120FE007FAC13 /* FriendCell.swift */ = {isa = PBXFileReference; fileEncoding = 4; lastKnownFileType = sourcecode.swift; path = FriendCell.swift; sourceTree = "<group>"; };
		277619511CEDC3B90048D46C /* userdata.txt */ = {isa = PBXFileReference; fileEncoding = 4; lastKnownFileType = text; path = userdata.txt; sourceTree = "<group>"; };
		2782EF401CF6E49F003B1289 /* FileManager.swift */ = {isa = PBXFileReference; fileEncoding = 4; lastKnownFileType = sourcecode.swift; path = FileManager.swift; sourceTree = "<group>"; };
		2782EF441CF6F608003B1289 /* PostCell.swift */ = {isa = PBXFileReference; fileEncoding = 4; lastKnownFileType = sourcecode.swift; path = PostCell.swift; sourceTree = "<group>"; };
		27BE15391D013ACF00B70D94 /* FriendListViewController.swift */ = {isa = PBXFileReference; fileEncoding = 4; lastKnownFileType = sourcecode.swift; path = FriendListViewController.swift; sourceTree = "<group>"; };
		27CF0E4E1CED9B8300CFF5C1 /* Airplane.app */ = {isa = PBXFileReference; explicitFileType = wrapper.application; includeInIndex = 0; path = Airplane.app; sourceTree = BUILT_PRODUCTS_DIR; };
		27CF0E511CED9B8300CFF5C1 /* AppDelegate.swift */ = {isa = PBXFileReference; lastKnownFileType = sourcecode.swift; path = AppDelegate.swift; sourceTree = "<group>"; };
		27CF0E531CED9B8300CFF5C1 /* ViewController.swift */ = {isa = PBXFileReference; lastKnownFileType = sourcecode.swift; path = ViewController.swift; sourceTree = "<group>"; };
		27CF0E561CED9B8300CFF5C1 /* Base */ = {isa = PBXFileReference; lastKnownFileType = file.storyboard; name = Base; path = Base.lproj/Main.storyboard; sourceTree = "<group>"; };
		27CF0E5B1CED9B8300CFF5C1 /* Base */ = {isa = PBXFileReference; lastKnownFileType = file.storyboard; name = Base; path = Base.lproj/LaunchScreen.storyboard; sourceTree = "<group>"; };
		27CF0E5D1CED9B8300CFF5C1 /* Info.plist */ = {isa = PBXFileReference; lastKnownFileType = text.plist.xml; path = Info.plist; sourceTree = "<group>"; };
		27CF0E621CED9B8300CFF5C1 /* AirplaneTests.xctest */ = {isa = PBXFileReference; explicitFileType = wrapper.cfbundle; includeInIndex = 0; path = AirplaneTests.xctest; sourceTree = BUILT_PRODUCTS_DIR; };
		27CF0E661CED9B8300CFF5C1 /* AirplaneTests.swift */ = {isa = PBXFileReference; lastKnownFileType = sourcecode.swift; path = AirplaneTests.swift; sourceTree = "<group>"; };
		27CF0E681CED9B8300CFF5C1 /* Info.plist */ = {isa = PBXFileReference; lastKnownFileType = text.plist.xml; path = Info.plist; sourceTree = "<group>"; };
		27CF0E6D1CED9B8400CFF5C1 /* AirplaneUITests.xctest */ = {isa = PBXFileReference; explicitFileType = wrapper.cfbundle; includeInIndex = 0; path = AirplaneUITests.xctest; sourceTree = BUILT_PRODUCTS_DIR; };
		27CF0E711CED9B8400CFF5C1 /* AirplaneUITests.swift */ = {isa = PBXFileReference; lastKnownFileType = sourcecode.swift; path = AirplaneUITests.swift; sourceTree = "<group>"; };
		27CF0E731CED9B8400CFF5C1 /* Info.plist */ = {isa = PBXFileReference; lastKnownFileType = text.plist.xml; path = Info.plist; sourceTree = "<group>"; };
		27D906291CF6751800400035 /* User.swift */ = {isa = PBXFileReference; fileEncoding = 4; lastKnownFileType = sourcecode.swift; path = User.swift; sourceTree = "<group>"; };
		27D9062B1CF6B98E00400035 /* UserManager.swift */ = {isa = PBXFileReference; fileEncoding = 4; lastKnownFileType = sourcecode.swift; path = UserManager.swift; sourceTree = "<group>"; };
		27D9062D1CF6C53400400035 /* postdata.txt */ = {isa = PBXFileReference; fileEncoding = 4; lastKnownFileType = text; path = postdata.txt; sourceTree = "<group>"; };
		27D9062F1CF6C55800400035 /* Post.swift */ = {isa = PBXFileReference; fileEncoding = 4; lastKnownFileType = sourcecode.swift; path = Post.swift; sourceTree = "<group>"; };
		27E0D1401CFC3AFF00F82A5E /* SettingViewController.swift */ = {isa = PBXFileReference; fileEncoding = 4; lastKnownFileType = sourcecode.swift; path = SettingViewController.swift; sourceTree = "<group>"; };
/* End PBXFileReference section */

/* Begin PBXFrameworksBuildPhase section */
		27CF0E4B1CED9B8300CFF5C1 /* Frameworks */ = {
			isa = PBXFrameworksBuildPhase;
			buildActionMask = 2147483647;
			files = (
			);
			runOnlyForDeploymentPostprocessing = 0;
		};
		27CF0E5F1CED9B8300CFF5C1 /* Frameworks */ = {
			isa = PBXFrameworksBuildPhase;
			buildActionMask = 2147483647;
			files = (
			);
			runOnlyForDeploymentPostprocessing = 0;
		};
		27CF0E6A1CED9B8400CFF5C1 /* Frameworks */ = {
			isa = PBXFrameworksBuildPhase;
			buildActionMask = 2147483647;
			files = (
			);
			runOnlyForDeploymentPostprocessing = 0;
		};
/* End PBXFrameworksBuildPhase section */

/* Begin PBXGroup section */
		27CF0E451CED9B8300CFF5C1 = {
			isa = PBXGroup;
			children = (
				27CF0E501CED9B8300CFF5C1 /* Airplane */,
				27CF0E651CED9B8300CFF5C1 /* AirplaneTests */,
				27CF0E701CED9B8400CFF5C1 /* AirplaneUITests */,
				27CF0E4F1CED9B8300CFF5C1 /* Products */,
			);
			sourceTree = "<group>";
		};
		27CF0E4F1CED9B8300CFF5C1 /* Products */ = {
			isa = PBXGroup;
			children = (
				27CF0E4E1CED9B8300CFF5C1 /* Airplane.app */,
				27CF0E621CED9B8300CFF5C1 /* AirplaneTests.xctest */,
				27CF0E6D1CED9B8400CFF5C1 /* AirplaneUITests.xctest */,
			);
			name = Products;
			sourceTree = "<group>";
		};
		27CF0E501CED9B8300CFF5C1 /* Airplane */ = {
			isa = PBXGroup;
			children = (
				27CF0E511CED9B8300CFF5C1 /* AppDelegate.swift */,
				27CF0E531CED9B8300CFF5C1 /* ViewController.swift */,
				27CF0E551CED9B8300CFF5C1 /* Main.storyboard */,
				27CF0E5A1CED9B8300CFF5C1 /* LaunchScreen.storyboard */,
				27CF0E5D1CED9B8300CFF5C1 /* Info.plist */,
				277619511CEDC3B90048D46C /* userdata.txt */,
				271525681CEEC6FD00895A5C /* MainViewController.swift */,
				2715256A1CEECEDA00895A5C /* SignupViewController.swift */,
				27D906291CF6751800400035 /* User.swift */,
				27D9062B1CF6B98E00400035 /* UserManager.swift */,
				27D9062D1CF6C53400400035 /* postdata.txt */,
				27D9062F1CF6C55800400035 /* Post.swift */,
				2782EF401CF6E49F003B1289 /* FileManager.swift */,
				2782EF441CF6F608003B1289 /* PostCell.swift */,
				27E0D1401CFC3AFF00F82A5E /* SettingViewController.swift */,
				276EF2E51D0120FE007FAC13 /* FriendCell.swift */,
				27BE15391D013ACF00B70D94 /* FriendListViewController.swift */,
				274191E91D0A6CB20026AAE0 /* UserTimeLineViewController.swift */,
				274191EB1D0A6D220026AAE0 /* FriendPostCell.swift */,
				274191ED1D0A70AB0026AAE0 /* SaveClickInfo.swift */,
			);
			path = Airplane;
			sourceTree = "<group>";
		};
		27CF0E651CED9B8300CFF5C1 /* AirplaneTests */ = {
			isa = PBXGroup;
			children = (
				27CF0E661CED9B8300CFF5C1 /* AirplaneTests.swift */,
				27CF0E681CED9B8300CFF5C1 /* Info.plist */,
			);
			path = AirplaneTests;
			sourceTree = "<group>";
		};
		27CF0E701CED9B8400CFF5C1 /* AirplaneUITests */ = {
			isa = PBXGroup;
			children = (
				27CF0E711CED9B8400CFF5C1 /* AirplaneUITests.swift */,
				27CF0E731CED9B8400CFF5C1 /* Info.plist */,
			);
			path = AirplaneUITests;
			sourceTree = "<group>";
		};
/* End PBXGroup section */

/* Begin PBXNativeTarget section */
		27CF0E4D1CED9B8300CFF5C1 /* Airplane */ = {
			isa = PBXNativeTarget;
			buildConfigurationList = 27CF0E761CED9B8400CFF5C1 /* Build configuration list for PBXNativeTarget "Airplane" */;
			buildPhases = (
				27CF0E4A1CED9B8300CFF5C1 /* Sources */,
				27CF0E4B1CED9B8300CFF5C1 /* Frameworks */,
				27CF0E4C1CED9B8300CFF5C1 /* Resources */,
			);
			buildRules = (
			);
			dependencies = (
			);
			name = Airplane;
			productName = Airplane;
			productReference = 27CF0E4E1CED9B8300CFF5C1 /* Airplane.app */;
			productType = "com.apple.product-type.application";
		};
		27CF0E611CED9B8300CFF5C1 /* AirplaneTests */ = {
			isa = PBXNativeTarget;
			buildConfigurationList = 27CF0E791CED9B8400CFF5C1 /* Build configuration list for PBXNativeTarget "AirplaneTests" */;
			buildPhases = (
				27CF0E5E1CED9B8300CFF5C1 /* Sources */,
				27CF0E5F1CED9B8300CFF5C1 /* Frameworks */,
				27CF0E601CED9B8300CFF5C1 /* Resources */,
			);
			buildRules = (
			);
			dependencies = (
				27CF0E641CED9B8300CFF5C1 /* PBXTargetDependency */,
			);
			name = AirplaneTests;
			productName = AirplaneTests;
			productReference = 27CF0E621CED9B8300CFF5C1 /* AirplaneTests.xctest */;
			productType = "com.apple.product-type.bundle.unit-test";
		};
		27CF0E6C1CED9B8400CFF5C1 /* AirplaneUITests */ = {
			isa = PBXNativeTarget;
			buildConfigurationList = 27CF0E7C1CED9B8400CFF5C1 /* Build configuration list for PBXNativeTarget "AirplaneUITests" */;
			buildPhases = (
				27CF0E691CED9B8400CFF5C1 /* Sources */,
				27CF0E6A1CED9B8400CFF5C1 /* Frameworks */,
				27CF0E6B1CED9B8400CFF5C1 /* Resources */,
			);
			buildRules = (
			);
			dependencies = (
				27CF0E6F1CED9B8400CFF5C1 /* PBXTargetDependency */,
			);
			name = AirplaneUITests;
			productName = AirplaneUITests;
			productReference = 27CF0E6D1CED9B8400CFF5C1 /* AirplaneUITests.xctest */;
			productType = "com.apple.product-type.bundle.ui-testing";
		};
/* End PBXNativeTarget section */

/* Begin PBXProject section */
		27CF0E461CED9B8300CFF5C1 /* Project object */ = {
			isa = PBXProject;
			attributes = {
				LastSwiftUpdateCheck = 0730;
				LastUpgradeCheck = 0730;
				ORGANIZATIONNAME = tgwing;
				TargetAttributes = {
					27CF0E4D1CED9B8300CFF5C1 = {
						CreatedOnToolsVersion = 7.3.1;
						DevelopmentTeam = 2X42FXW5P8;
					};
					27CF0E611CED9B8300CFF5C1 = {
						CreatedOnToolsVersion = 7.3.1;
						DevelopmentTeam = LK42RRLFBQ;
						TestTargetID = 27CF0E4D1CED9B8300CFF5C1;
					};
					27CF0E6C1CED9B8400CFF5C1 = {
						CreatedOnToolsVersion = 7.3.1;
						DevelopmentTeam = LK42RRLFBQ;
						TestTargetID = 27CF0E4D1CED9B8300CFF5C1;
					};
				};
			};
			buildConfigurationList = 27CF0E491CED9B8300CFF5C1 /* Build configuration list for PBXProject "Airplane" */;
			compatibilityVersion = "Xcode 3.2";
			developmentRegion = English;
			hasScannedForEncodings = 0;
			knownRegions = (
				en,
				Base,
			);
			mainGroup = 27CF0E451CED9B8300CFF5C1;
			productRefGroup = 27CF0E4F1CED9B8300CFF5C1 /* Products */;
			projectDirPath = "";
			projectRoot = "";
			targets = (
				27CF0E4D1CED9B8300CFF5C1 /* Airplane */,
				27CF0E611CED9B8300CFF5C1 /* AirplaneTests */,
				27CF0E6C1CED9B8400CFF5C1 /* AirplaneUITests */,
			);
		};
/* End PBXProject section */

/* Begin PBXResourcesBuildPhase section */
		27CF0E4C1CED9B8300CFF5C1 /* Resources */ = {
			isa = PBXResourcesBuildPhase;
			buildActionMask = 2147483647;
			files = (
				27CF0E5C1CED9B8300CFF5C1 /* LaunchScreen.storyboard in Resources */,
				27CF0E571CED9B8300CFF5C1 /* Main.storyboard in Resources */,
				27D9062E1CF6C53400400035 /* postdata.txt in Resources */,
				277619521CEDC3B90048D46C /* userdata.txt in Resources */,
			);
			runOnlyForDeploymentPostprocessing = 0;
		};
		27CF0E601CED9B8300CFF5C1 /* Resources */ = {
			isa = PBXResourcesBuildPhase;
			buildActionMask = 2147483647;
			files = (
			);
			runOnlyForDeploymentPostprocessing = 0;
		};
		27CF0E6B1CED9B8400CFF5C1 /* Resources */ = {
			isa = PBXResourcesBuildPhase;
			buildActionMask = 2147483647;
			files = (
			);
			runOnlyForDeploymentPostprocessing = 0;
		};
/* End PBXResourcesBuildPhase section */

/* Begin PBXSourcesBuildPhase section */
		27CF0E4A1CED9B8300CFF5C1 /* Sources */ = {
			isa = PBXSourcesBuildPhase;
			buildActionMask = 2147483647;
			files = (
				27D9062C1CF6B98E00400035 /* UserManager.swift in Sources */,
				271525691CEEC6FD00895A5C /* MainViewController.swift in Sources */,
				27CF0E541CED9B8300CFF5C1 /* ViewController.swift in Sources */,
				2715256B1CEECEDA00895A5C /* SignupViewController.swift in Sources */,
				27D9062A1CF6751800400035 /* User.swift in Sources */,
				27E0D1411CFC3AFF00F82A5E /* SettingViewController.swift in Sources */,
				274191EA1D0A6CB20026AAE0 /* UserTimeLineViewController.swift in Sources */,
				274191EE1D0A70AB0026AAE0 /* SaveClickInfo.swift in Sources */,
				274191EC1D0A6D220026AAE0 /* FriendPostCell.swift in Sources */,
				276EF2E61D0120FE007FAC13 /* FriendCell.swift in Sources */,
				2782EF451CF6F608003B1289 /* PostCell.swift in Sources */,
				27BE153A1D013ACF00B70D94 /* FriendListViewController.swift in Sources */,
				27D906301CF6C55800400035 /* Post.swift in Sources */,
				27CF0E521CED9B8300CFF5C1 /* AppDelegate.swift in Sources */,
				2782EF411CF6E49F003B1289 /* FileManager.swift in Sources */,
			);
			runOnlyForDeploymentPostprocessing = 0;
		};
		27CF0E5E1CED9B8300CFF5C1 /* Sources */ = {
			isa = PBXSourcesBuildPhase;
			buildActionMask = 2147483647;
			files = (
				27CF0E671CED9B8300CFF5C1 /* AirplaneTests.swift in Sources */,
			);
			runOnlyForDeploymentPostprocessing = 0;
		};
		27CF0E691CED9B8400CFF5C1 /* Sources */ = {
			isa = PBXSourcesBuildPhase;
			buildActionMask = 2147483647;
			files = (
				27CF0E721CED9B8400CFF5C1 /* AirplaneUITests.swift in Sources */,
			);
			runOnlyForDeploymentPostprocessing = 0;
		};
/* End PBXSourcesBuildPhase section */

/* Begin PBXTargetDependency section */
		27CF0E641CED9B8300CFF5C1 /* PBXTargetDependency */ = {
			isa = PBXTargetDependency;
			target = 27CF0E4D1CED9B8300CFF5C1 /* Airplane */;
			targetProxy = 27CF0E631CED9B8300CFF5C1 /* PBXContainerItemProxy */;
		};
		27CF0E6F1CED9B8400CFF5C1 /* PBXTargetDependency */ = {
			isa = PBXTargetDependency;
			target = 27CF0E4D1CED9B8300CFF5C1 /* Airplane */;
			targetProxy = 27CF0E6E1CED9B8400CFF5C1 /* PBXContainerItemProxy */;
		};
/* End PBXTargetDependency section */

/* Begin PBXVariantGroup section */
		27CF0E551CED9B8300CFF5C1 /* Main.storyboard */ = {
			isa = PBXVariantGroup;
			children = (
				27CF0E561CED9B8300CFF5C1 /* Base */,
			);
			name = Main.storyboard;
			sourceTree = "<group>";
		};
		27CF0E5A1CED9B8300CFF5C1 /* LaunchScreen.storyboard */ = {
			isa = PBXVariantGroup;
			children = (
				27CF0E5B1CED9B8300CFF5C1 /* Base */,
			);
			name = LaunchScreen.storyboard;
			sourceTree = "<group>";
		};
/* End PBXVariantGroup section */

/* Begin XCBuildConfiguration section */
		27CF0E741CED9B8400CFF5C1 /* Debug */ = {
			isa = XCBuildConfiguration;
			buildSettings = {
				ALWAYS_SEARCH_USER_PATHS = NO;
				CLANG_ANALYZER_NONNULL = YES;
				CLANG_CXX_LANGUAGE_STANDARD = "gnu++0x";
				CLANG_CXX_LIBRARY = "libc++";
				CLANG_ENABLE_MODULES = YES;
				CLANG_ENABLE_OBJC_ARC = YES;
				CLANG_WARN_BOOL_CONVERSION = YES;
				CLANG_WARN_CONSTANT_CONVERSION = YES;
				CLANG_WARN_DIRECT_OBJC_ISA_USAGE = YES_ERROR;
				CLANG_WARN_EMPTY_BODY = YES;
				CLANG_WARN_ENUM_CONVERSION = YES;
				CLANG_WARN_INT_CONVERSION = YES;
				CLANG_WARN_OBJC_ROOT_CLASS = YES_ERROR;
				CLANG_WARN_UNREACHABLE_CODE = YES;
				CLANG_WARN__DUPLICATE_METHOD_MATCH = YES;
				CODE_SIGN_IDENTITY = "iPhone Developer";
				"CODE_SIGN_IDENTITY[sdk=iphoneos*]" = "iPhone Developer";
				COPY_PHASE_STRIP = NO;
				DEBUG_INFORMATION_FORMAT = dwarf;
				ENABLE_STRICT_OBJC_MSGSEND = YES;
				ENABLE_TESTABILITY = YES;
				GCC_C_LANGUAGE_STANDARD = gnu99;
				GCC_DYNAMIC_NO_PIC = NO;
				GCC_NO_COMMON_BLOCKS = YES;
				GCC_OPTIMIZATION_LEVEL = 0;
				GCC_PREPROCESSOR_DEFINITIONS = (
					"DEBUG=1",
					"$(inherited)",
				);
				GCC_WARN_64_TO_32_BIT_CONVERSION = YES;
				GCC_WARN_ABOUT_RETURN_TYPE = YES_ERROR;
				GCC_WARN_UNDECLARED_SELECTOR = YES;
				GCC_WARN_UNINITIALIZED_AUTOS = YES_AGGRESSIVE;
				GCC_WARN_UNUSED_FUNCTION = YES;
				GCC_WARN_UNUSED_VARIABLE = YES;
				IPHONEOS_DEPLOYMENT_TARGET = 9.3;
				MTL_ENABLE_DEBUG_INFO = YES;
				ONLY_ACTIVE_ARCH = YES;
				SDKROOT = iphoneos;
				SWIFT_OPTIMIZATION_LEVEL = "-Onone";
			};
			name = Debug;
		};
		27CF0E751CED9B8400CFF5C1 /* Release */ = {
			isa = XCBuildConfiguration;
			buildSettings = {
				ALWAYS_SEARCH_USER_PATHS = NO;
				CLANG_ANALYZER_NONNULL = YES;
				CLANG_CXX_LANGUAGE_STANDARD = "gnu++0x";
				CLANG_CXX_LIBRARY = "libc++";
				CLANG_ENABLE_MODULES = YES;
				CLANG_ENABLE_OBJC_ARC = YES;
				CLANG_WARN_BOOL_CONVERSION = YES;
				CLANG_WARN_CONSTANT_CONVERSION = YES;
				CLANG_WARN_DIRECT_OBJC_ISA_USAGE = YES_ERROR;
				CLANG_WARN_EMPTY_BODY = YES;
				CLANG_WARN_ENUM_CONVERSION = YES;
				CLANG_WARN_INT_CONVERSION = YES;
				CLANG_WARN_OBJC_ROOT_CLASS = YES_ERROR;
				CLANG_WARN_UNREACHABLE_CODE = YES;
				CLANG_WARN__DUPLICATE_METHOD_MATCH = YES;
				CODE_SIGN_IDENTITY = "iPhone Developer";
				"CODE_SIGN_IDENTITY[sdk=iphoneos*]" = "iPhone Developer";
				COPY_PHASE_STRIP = NO;
				DEBUG_INFORMATION_FORMAT = "dwarf-with-dsym";
				ENABLE_NS_ASSERTIONS = NO;
				ENABLE_STRICT_OBJC_MSGSEND = YES;
				GCC_C_LANGUAGE_STANDARD = gnu99;
				GCC_NO_COMMON_BLOCKS = YES;
				GCC_WARN_64_TO_32_BIT_CONVERSION = YES;
				GCC_WARN_ABOUT_RETURN_TYPE = YES_ERROR;
				GCC_WARN_UNDECLARED_SELECTOR = YES;
				GCC_WARN_UNINITIALIZED_AUTOS = YES_AGGRESSIVE;
				GCC_WARN_UNUSED_FUNCTION = YES;
				GCC_WARN_UNUSED_VARIABLE = YES;
				IPHONEOS_DEPLOYMENT_TARGET = 9.3;
				MTL_ENABLE_DEBUG_INFO = NO;
				SDKROOT = iphoneos;
				VALIDATE_PRODUCT = YES;
			};
			name = Release;
		};
		27CF0E771CED9B8400CFF5C1 /* Debug */ = {
			isa = XCBuildConfiguration;
			buildSettings = {
				ASSETCATALOG_COMPILER_APPICON_NAME = AppIcon;
				CODE_SIGN_IDENTITY = "iPhone Developer";
				"CODE_SIGN_IDENTITY[sdk=iphoneos*]" = "iPhone Developer";
				INFOPLIST_FILE = Airplane/Info.plist;
				LD_RUNPATH_SEARCH_PATHS = "$(inherited) @executable_path/Frameworks";
				PRODUCT_BUNDLE_IDENTIFIER = wnsdud1861.facebook.Airplane;
				PRODUCT_NAME = "$(TARGET_NAME)";
				PROVISIONING_PROFILE = "";
			};
			name = Debug;
		};
		27CF0E781CED9B8400CFF5C1 /* Release */ = {
			isa = XCBuildConfiguration;
			buildSettings = {
				ASSETCATALOG_COMPILER_APPICON_NAME = AppIcon;
				CODE_SIGN_IDENTITY = "iPhone Developer";
				"CODE_SIGN_IDENTITY[sdk=iphoneos*]" = "iPhone Developer";
				INFOPLIST_FILE = Airplane/Info.plist;
				LD_RUNPATH_SEARCH_PATHS = "$(inherited) @executable_path/Frameworks";
				PRODUCT_BUNDLE_IDENTIFIER = wnsdud1861.facebook.Airplane;
				PRODUCT_NAME = "$(TARGET_NAME)";
				PROVISIONING_PROFILE = "";
			};
			name = Release;
		};
		27CF0E7A1CED9B8400CFF5C1 /* Debug */ = {
			isa = XCBuildConfiguration;
			buildSettings = {
				BUNDLE_LOADER = "$(TEST_HOST)";
				INFOPLIST_FILE = AirplaneTests/Info.plist;
				LD_RUNPATH_SEARCH_PATHS = "$(inherited) @executable_path/Frameworks @loader_path/Frameworks";
				PRODUCT_BUNDLE_IDENTIFIER = wnsdud1861.facebook.AirplaneTests;
				PRODUCT_NAME = "$(TARGET_NAME)";
				TEST_HOST = "$(BUILT_PRODUCTS_DIR)/Airplane.app/Airplane";
			};
			name = Debug;
		};
		27CF0E7B1CED9B8400CFF5C1 /* Release */ = {
			isa = XCBuildConfiguration;
			buildSettings = {
				BUNDLE_LOADER = "$(TEST_HOST)";
				INFOPLIST_FILE = AirplaneTests/Info.plist;
				LD_RUNPATH_SEARCH_PATHS = "$(inherited) @executable_path/Frameworks @loader_path/Frameworks";
				PRODUCT_BUNDLE_IDENTIFIER = wnsdud1861.facebook.AirplaneTests;
				PRODUCT_NAME = "$(TARGET_NAME)";
				TEST_HOST = "$(BUILT_PRODUCTS_DIR)/Airplane.app/Airplane";
			};
			name = Release;
		};
		27CF0E7D1CED9B8400CFF5C1 /* Debug */ = {
			isa = XCBuildConfiguration;
			buildSettings = {
				INFOPLIST_FILE = AirplaneUITests/Info.plist;
				LD_RUNPATH_SEARCH_PATHS = "$(inherited) @executable_path/Frameworks @loader_path/Frameworks";
				PRODUCT_BUNDLE_IDENTIFIER = wnsdud1861.facebook.AirplaneUITests;
				PRODUCT_NAME = "$(TARGET_NAME)";
				TEST_TARGET_NAME = Airplane;
			};
			name = Debug;
		};
		27CF0E7E1CED9B8400CFF5C1 /* Release */ = {
			isa = XCBuildConfiguration;
			buildSettings = {
				INFOPLIST_FILE = AirplaneUITests/Info.plist;
				LD_RUNPATH_SEARCH_PATHS = "$(inherited) @executable_path/Frameworks @loader_path/Frameworks";
				PRODUCT_BUNDLE_IDENTIFIER = wnsdud1861.facebook.AirplaneUITests;
				PRODUCT_NAME = "$(TARGET_NAME)";
				TEST_TARGET_NAME = Airplane;
			};
			name = Release;
		};
/* End XCBuildConfiguration section */

/* Begin XCConfigurationList section */
		27CF0E491CED9B8300CFF5C1 /* Build configuration list for PBXProject "Airplane" */ = {
			isa = XCConfigurationList;
			buildConfigurations = (
				27CF0E741CED9B8400CFF5C1 /* Debug */,
				27CF0E751CED9B8400CFF5C1 /* Release */,
			);
			defaultConfigurationIsVisible = 0;
			defaultConfigurationName = Release;
		};
		27CF0E761CED9B8400CFF5C1 /* Build configuration list for PBXNativeTarget "Airplane" */ = {
			isa = XCConfigurationList;
			buildConfigurations = (
				27CF0E771CED9B8400CFF5C1 /* Debug */,
				27CF0E781CED9B8400CFF5C1 /* Release */,
			);
			defaultConfigurationIsVisible = 0;
			defaultConfigurationName = Release;
		};
		27CF0E791CED9B8400CFF5C1 /* Build configuration list for PBXNativeTarget "AirplaneTests" */ = {
			isa = XCConfigurationList;
			buildConfigurations = (
				27CF0E7A1CED9B8400CFF5C1 /* Debug */,
				27CF0E7B1CED9B8400CFF5C1 /* Release */,
			);
			defaultConfigurationIsVisible = 0;
			defaultConfigurationName = Release;
		};
		27CF0E7C1CED9B8400CFF5C1 /* Build configuration list for PBXNativeTarget "AirplaneUITests" */ = {
			isa = XCConfigurationList;
			buildConfigurations = (
				27CF0E7D1CED9B8400CFF5C1 /* Debug */,
				27CF0E7E1CED9B8400CFF5C1 /* Release */,
			);
			defaultConfigurationIsVisible = 0;
			defaultConfigurationName = Release;
		};
/* End XCConfigurationList section */
	};
	rootObject = 27CF0E461CED9B8300CFF5C1 /* Project object */;
}
